{
  "requires": true,
  "lockfileVersion": 1,
  "dependencies": {
    "jengracia-palindrome": {
      "version": "0.1.1",
      "resolved": "https://registry.npmjs.org/jengracia-palindrome/-/jengracia-palindrome-0.1.1.tgz",
      "integrity": "sha512-RVPnVhOy7QNM82B3qMxqJdD65KskbHXyjnjS/RFWL0xwyi3+RsgAEOaA5C1px5DiCLsB+HTcWzd+gIrZmj28hA=="
    }
  }
}
